// !$*UTF8*$!
{
	archiveVersion = 1;
	classes = {
	};
	objectVersion = 46;
	objects = {

/* Begin PBXBuildFile section */
		942745D61B87E69B003570C3 /* Village.cpp in Sources */ = {isa = PBXBuildFile; fileRef = 942745D51B87E69B003570C3 /* Village.cpp */; };
		9497C4A81B8365CE0023B69C /* main.cpp in Sources */ = {isa = PBXBuildFile; fileRef = 9497C4A71B8365CE0023B69C /* main.cpp */; };
		9497C4B11B8376620023B69C /* libcurl.dylib in Frameworks */ = {isa = PBXBuildFile; fileRef = 9497C4B01B8376620023B69C /* libcurl.dylib */; };
		9497C4B61B83D83E0023B69C /* Tribe.cpp in Sources */ = {isa = PBXBuildFile; fileRef = 9497C4B51B83D83E0023B69C /* Tribe.cpp */; };
		9497C4B81B840B010023B69C /* Player.cpp in Sources */ = {isa = PBXBuildFile; fileRef = 9497C4B71B840B010023B69C /* Player.cpp */; };
		94C27CFA1B8A483F003E4F45 /* Map.cpp in Sources */ = {isa = PBXBuildFile; fileRef = 94C27CF81B8A483F003E4F45 /* Map.cpp */; };
		94C27CFD1B8A87FA003E4F45 /* Utilities.cpp in Sources */ = {isa = PBXBuildFile; fileRef = 94C27CFB1B8A87FA003E4F45 /* Utilities.cpp */; };
		94C27D001B8C9A35003E4F45 /* Downloader.cpp in Sources */ = {isa = PBXBuildFile; fileRef = 94C27CFE1B8C9A35003E4F45 /* Downloader.cpp */; };
/* End PBXBuildFile section */

/* Begin PBXBuildRule section */
		9497C4B91B840DAE0023B69C /* PBXBuildRule */ = {
			isa = PBXBuildRule;
			compilerSpec = com.apple.compilers.proxy.script;
			fileType = pattern.proxy;
			isEditable = 1;
			outputFiles = (
			);
			script = "";
		};
/* End PBXBuildRule section */

/* Begin PBXCopyFilesBuildPhase section */
		9497C4A21B8365CE0023B69C /* Copy Files */ = {
			isa = PBXCopyFilesBuildPhase;
			buildActionMask = 2147483647;
			dstPath = /usr/share/man/man1/;
			dstSubfolderSpec = 0;
			files = (
			);
			name = "Copy Files";
			runOnlyForDeploymentPostprocessing = 1;
		};
/* End PBXCopyFilesBuildPhase section */

/* Begin PBXFileReference section */
		942745D51B87E69B003570C3 /* Village.cpp */ = {isa = PBXFileReference; fileEncoding = 4; lastKnownFileType = sourcecode.cpp.cpp; path = Village.cpp; sourceTree = "<group>"; };
		9497C4A41B8365CE0023B69C /* TWMapGenerator */ = {isa = PBXFileReference; explicitFileType = "compiled.mach-o.executable"; includeInIndex = 0; path = TWMapGenerator; sourceTree = BUILT_PRODUCTS_DIR; };
		9497C4A71B8365CE0023B69C /* main.cpp */ = {isa = PBXFileReference; lastKnownFileType = sourcecode.cpp.cpp; path = main.cpp; sourceTree = "<group>"; };
		9497C4AE1B8368C80023B69C /* rapidjson */ = {isa = PBXFileReference; lastKnownFileType = folder; path = rapidjson; sourceTree = "<group>"; };
		9497C4B01B8376620023B69C /* libcurl.dylib */ = {isa = PBXFileReference; lastKnownFileType = "compiled.mach-o.dylib"; name = libcurl.dylib; path = usr/lib/libcurl.dylib; sourceTree = SDKROOT; };
		9497C4B21B8380B40023B69C /* Player.h */ = {isa = PBXFileReference; lastKnownFileType = sourcecode.c.h; path = Player.h; sourceTree = "<group>"; };
		9497C4B31B83A6B50023B69C /* Village.h */ = {isa = PBXFileReference; lastKnownFileType = sourcecode.c.h; path = Village.h; sourceTree = "<group>"; };
		9497C4B41B83C6CE0023B69C /* Tribe.h */ = {isa = PBXFileReference; lastKnownFileType = sourcecode.c.h; path = Tribe.h; sourceTree = "<group>"; };
		9497C4B51B83D83E0023B69C /* Tribe.cpp */ = {isa = PBXFileReference; fileEncoding = 4; lastKnownFileType = sourcecode.cpp.cpp; path = Tribe.cpp; sourceTree = "<group>"; };
		9497C4B71B840B010023B69C /* Player.cpp */ = {isa = PBXFileReference; fileEncoding = 4; lastKnownFileType = sourcecode.cpp.cpp; path = Player.cpp; sourceTree = "<group>"; };
		94C27CF81B8A483F003E4F45 /* Map.cpp */ = {isa = PBXFileReference; fileEncoding = 4; lastKnownFileType = sourcecode.cpp.cpp; path = Map.cpp; sourceTree = "<group>"; };
		94C27CF91B8A483F003E4F45 /* Map.h */ = {isa = PBXFileReference; fileEncoding = 4; lastKnownFileType = sourcecode.c.h; path = Map.h; sourceTree = "<group>"; };
		94C27CFB1B8A87FA003E4F45 /* Utilities.cpp */ = {isa = PBXFileReference; fileEncoding = 4; lastKnownFileType = sourcecode.cpp.cpp; path = Utilities.cpp; sourceTree = "<group>"; };
		94C27CFC1B8A87FA003E4F45 /* Utilities.h */ = {isa = PBXFileReference; fileEncoding = 4; lastKnownFileType = sourcecode.c.h; path = Utilities.h; sourceTree = "<group>"; };
		94C27CFE1B8C9A35003E4F45 /* Downloader.cpp */ = {isa = PBXFileReference; fileEncoding = 4; lastKnownFileType = sourcecode.cpp.cpp; path = Downloader.cpp; sourceTree = "<group>"; };
		94C27CFF1B8C9A35003E4F45 /* Downloader.h */ = {isa = PBXFileReference; fileEncoding = 4; lastKnownFileType = sourcecode.c.h; path = Downloader.h; sourceTree = "<group>"; };
/* End PBXFileReference section */

/* Begin PBXFrameworksBuildPhase section */
		9497C4A11B8365CE0023B69C /* Frameworks */ = {
			isa = PBXFrameworksBuildPhase;
			buildActionMask = 2147483647;
			files = (
				9497C4B11B8376620023B69C /* libcurl.dylib in Frameworks */,
			);
			runOnlyForDeploymentPostprocessing = 0;
		};
/* End PBXFrameworksBuildPhase section */

/* Begin PBXGroup section */
		9497C49B1B8365CE0023B69C = {
			isa = PBXGroup;
			children = (
				9497C4B01B8376620023B69C /* libcurl.dylib */,
				9497C4A61B8365CE0023B69C /* TWMapGenerator */,
				9497C4A51B8365CE0023B69C /* Products */,
			);
			sourceTree = "<group>";
		};
		9497C4A51B8365CE0023B69C /* Products */ = {
			isa = PBXGroup;
			children = (
				9497C4A41B8365CE0023B69C /* TWMapGenerator */,
			);
			name = Products;
			sourceTree = "<group>";
		};
		9497C4A61B8365CE0023B69C /* TWMapGenerator */ = {
			isa = PBXGroup;
			children = (
				9497C4AE1B8368C80023B69C /* rapidjson */,
				9497C4A71B8365CE0023B69C /* main.cpp */,
				9497C4B21B8380B40023B69C /* Player.h */,
				9497C4B71B840B010023B69C /* Player.cpp */,
				9497C4B31B83A6B50023B69C /* Village.h */,
				942745D51B87E69B003570C3 /* Village.cpp */,
				9497C4B41B83C6CE0023B69C /* Tribe.h */,
				9497C4B51B83D83E0023B69C /* Tribe.cpp */,
				94C27CF81B8A483F003E4F45 /* Map.cpp */,
				94C27CF91B8A483F003E4F45 /* Map.h */,
				94C27CFB1B8A87FA003E4F45 /* Utilities.cpp */,
				94C27CFC1B8A87FA003E4F45 /* Utilities.h */,
				94C27CFE1B8C9A35003E4F45 /* Downloader.cpp */,
				94C27CFF1B8C9A35003E4F45 /* Downloader.h */,
			);
			path = TWMapGenerator;
			sourceTree = "<group>";
		};
/* End PBXGroup section */

/* Begin PBXNativeTarget section */
		9497C4A31B8365CE0023B69C /* TWMapGenerator */ = {
			isa = PBXNativeTarget;
			buildConfigurationList = 9497C4AB1B8365CE0023B69C /* Build configuration list for PBXNativeTarget "TWMapGenerator" */;
			buildPhases = (
				9497C4A01B8365CE0023B69C /* Sources */,
				9497C4A11B8365CE0023B69C /* Frameworks */,
				9497C4A21B8365CE0023B69C /* Copy Files */,
			);
			buildRules = (
				9497C4B91B840DAE0023B69C /* PBXBuildRule */,
			);
			dependencies = (
			);
			name = TWMapGenerator;
			productName = TWMapGenerator;
			productReference = 9497C4A41B8365CE0023B69C /* TWMapGenerator */;
			productType = "com.apple.product-type.tool";
		};
/* End PBXNativeTarget section */

/* Begin PBXProject section */
		9497C49C1B8365CE0023B69C /* Project object */ = {
			isa = PBXProject;
			attributes = {
				LastUpgradeCheck = 0640;
				ORGANIZATIONNAME = "Lucas Torroba";
				TargetAttributes = {
					9497C4A31B8365CE0023B69C = {
						CreatedOnToolsVersion = 6.4;
					};
				};
			};
			buildConfigurationList = 9497C49F1B8365CE0023B69C /* Build configuration list for PBXProject "TWMapGenerator" */;
			compatibilityVersion = "Xcode 3.2";
			developmentRegion = English;
			hasScannedForEncodings = 0;
			knownRegions = (
				en,
			);
			mainGroup = 9497C49B1B8365CE0023B69C;
			productRefGroup = 9497C4A51B8365CE0023B69C /* Products */;
			projectDirPath = "";
			projectRoot = "";
			targets = (
				9497C4A31B8365CE0023B69C /* TWMapGenerator */,
			);
		};
/* End PBXProject section */

/* Begin PBXSourcesBuildPhase section */
		9497C4A01B8365CE0023B69C /* Sources */ = {
			isa = PBXSourcesBuildPhase;
			buildActionMask = 2147483647;
			files = (
				94C27D001B8C9A35003E4F45 /* Downloader.cpp in Sources */,
				942745D61B87E69B003570C3 /* Village.cpp in Sources */,
				94C27CFA1B8A483F003E4F45 /* Map.cpp in Sources */,
				94C27CFD1B8A87FA003E4F45 /* Utilities.cpp in Sources */,
				9497C4B61B83D83E0023B69C /* Tribe.cpp in Sources */,
				9497C4A81B8365CE0023B69C /* main.cpp in Sources */,
				9497C4B81B840B010023B69C /* Player.cpp in Sources */,
			);
			runOnlyForDeploymentPostprocessing = 0;
		};
/* End PBXSourcesBuildPhase section */

/* Begin XCBuildConfiguration section */
		9497C4A91B8365CE0023B69C /* Debug */ = {
			isa = XCBuildConfiguration;
			buildSettings = {
				ALWAYS_SEARCH_USER_PATHS = NO;
				CLANG_CXX_LANGUAGE_STANDARD = "gnu++0x";
				CLANG_CXX_LIBRARY = "libc++";
				CLANG_ENABLE_MODULES = YES;
				CLANG_ENABLE_OBJC_ARC = YES;
				CLANG_WARN_BOOL_CONVERSION = YES;
				CLANG_WARN_CONSTANT_CONVERSION = YES;
				CLANG_WARN_DIRECT_OBJC_ISA_USAGE = YES_ERROR;
				CLANG_WARN_EMPTY_BODY = YES;
				CLANG_WARN_ENUM_CONVERSION = YES;
				CLANG_WARN_INT_CONVERSION = YES;
				CLANG_WARN_OBJC_ROOT_CLASS = YES_ERROR;
				CLANG_WARN_UNREACHABLE_CODE = YES;
				CLANG_WARN__DUPLICATE_METHOD_MATCH = YES;
				COPY_PHASE_STRIP = NO;
				DEBUG_INFORMATION_FORMAT = dwarf;
				ENABLE_STRICT_OBJC_MSGSEND = YES;
				GCC_C_LANGUAGE_STANDARD = gnu99;
				GCC_DYNAMIC_NO_PIC = NO;
				GCC_NO_COMMON_BLOCKS = YES;
				GCC_OPTIMIZATION_LEVEL = 0;
				GCC_PREPROCESSOR_DEFINITIONS = (
					"DEBUG=1",
					"$(inherited)",
				);
				GCC_SYMBOLS_PRIVATE_EXTERN = NO;
				GCC_WARN_64_TO_32_BIT_CONVERSION = YES;
				GCC_WARN_ABOUT_RETURN_TYPE = YES_ERROR;
				GCC_WARN_UNDECLARED_SELECTOR = YES;
				GCC_WARN_UNINITIALIZED_AUTOS = YES_AGGRESSIVE;
				GCC_WARN_UNUSED_FUNCTION = YES;
				GCC_WARN_UNUSED_VARIABLE = YES;
				MACOSX_DEPLOYMENT_TARGET = 10.10;
				MTL_ENABLE_DEBUG_INFO = YES;
				ONLY_ACTIVE_ARCH = YES;
				SDKROOT = macosx;
			};
			name = Debug;
		};
		9497C4AA1B8365CE0023B69C /* Release */ = {
			isa = XCBuildConfiguration;
			buildSettings = {
				ALWAYS_SEARCH_USER_PATHS = NO;
				CLANG_CXX_LANGUAGE_STANDARD = "gnu++0x";
				CLANG_CXX_LIBRARY = "libc++";
				CLANG_ENABLE_MODULES = YES;
				CLANG_ENABLE_OBJC_ARC = YES;
				CLANG_WARN_BOOL_CONVERSION = YES;
				CLANG_WARN_CONSTANT_CONVERSION = YES;
				CLANG_WARN_DIRECT_OBJC_ISA_USAGE = YES_ERROR;
				CLANG_WARN_EMPTY_BODY = YES;
				CLANG_WARN_ENUM_CONVERSION = YES;
				CLANG_WARN_INT_CONVERSION = YES;
				CLANG_WARN_OBJC_ROOT_CLASS = YES_ERROR;
				CLANG_WARN_UNREACHABLE_CODE = YES;
				CLANG_WARN__DUPLICATE_METHOD_MATCH = YES;
				COPY_PHASE_STRIP = NO;
				DEBUG_INFORMATION_FORMAT = "dwarf-with-dsym";
				ENABLE_NS_ASSERTIONS = NO;
				ENABLE_STRICT_OBJC_MSGSEND = YES;
				GCC_C_LANGUAGE_STANDARD = gnu99;
				GCC_NO_COMMON_BLOCKS = YES;
				GCC_WARN_64_TO_32_BIT_CONVERSION = YES;
				GCC_WARN_ABOUT_RETURN_TYPE = YES_ERROR;
				GCC_WARN_UNDECLARED_SELECTOR = YES;
				GCC_WARN_UNINITIALIZED_AUTOS = YES_AGGRESSIVE;
				GCC_WARN_UNUSED_FUNCTION = YES;
				GCC_WARN_UNUSED_VARIABLE = YES;
				MACOSX_DEPLOYMENT_TARGET = 10.10;
				MTL_ENABLE_DEBUG_INFO = NO;
				SDKROOT = macosx;
			};
			name = Release;
		};
		9497C4AC1B8365CE0023B69C /* Debug */ = {
			isa = XCBuildConfiguration;
			buildSettings = {
				ALWAYS_SEARCH_USER_PATHS = YES;
				ARCHS = "$(ARCHS_STANDARD)";
				FRAMEWORK_SEARCH_PATHS = (
					"$(inherited)",
					"$(LOCAL_LIBRARY_DIR)/Frameworks",
				);
				LIBRARY_SEARCH_PATHS = (
					"$(inherited)",
					/usr/local/lib,
				);
				OTHER_CFLAGS = "";
				OTHER_CPLUSPLUSFLAGS = (
					"$(OTHER_CFLAGS)",
					"-Wno-c++11-narrowing",
				);
				OTHER_LDFLAGS = (
					"-v",
					"-lcairo",
				);
				PRODUCT_NAME = "$(TARGET_NAME)";
				USER_HEADER_SEARCH_PATHS = "/usr/local/Cellar/cairo/1.14.2_1/include/cairo $(SRCROOT)/**";
			};
			name = Debug;
		};
		9497C4AD1B8365CE0023B69C /* Release */ = {
			isa = XCBuildConfiguration;
			buildSettings = {
				ALWAYS_SEARCH_USER_PATHS = YES;
				ARCHS = "$(ARCHS_STANDARD)";
				FRAMEWORK_SEARCH_PATHS = (
					"$(inherited)",
					"$(LOCAL_LIBRARY_DIR)/Frameworks",
				);
				LIBRARY_SEARCH_PATHS = (
					"$(inherited)",
					/usr/local/lib,
				);
				OTHER_CFLAGS = "";
				OTHER_CPLUSPLUSFLAGS = (
					"$(OTHER_CFLAGS)",
					"-Wno-c++11-narrowing",
				);
				OTHER_LDFLAGS = (
					"-v",
					"-lcairo",
				);
				PRODUCT_NAME = "$(TARGET_NAME)";
				USER_HEADER_SEARCH_PATHS = "/usr/local/Cellar/cairo/1.14.2_1/include/cairo $(SRCROOT)/**";
			};
			name = Release;
		};
/* End XCBuildConfiguration section */

/* Begin XCConfigurationList section */
		9497C49F1B8365CE0023B69C /* Build configuration list for PBXProject "TWMapGenerator" */ = {
			isa = XCConfigurationList;
			buildConfigurations = (
				9497C4A91B8365CE0023B69C /* Debug */,
				9497C4AA1B8365CE0023B69C /* Release */,
			);
			defaultConfigurationIsVisible = 0;
			defaultConfigurationName = Release;
		};
		9497C4AB1B8365CE0023B69C /* Build configuration list for PBXNativeTarget "TWMapGenerator" */ = {
			isa = XCConfigurationList;
			buildConfigurations = (
				9497C4AC1B8365CE0023B69C /* Debug */,
				9497C4AD1B8365CE0023B69C /* Release */,
			);
			defaultConfigurationIsVisible = 0;
			defaultConfigurationName = Release;
		};
/* End XCConfigurationList section */
	};
	rootObject = 9497C49C1B8365CE0023B69C /* Project object */;
}
